
Microsoft Visual Studio Solution File, Format Version 12.00
Project("{FAE04EC0-301F-11D3-BF4B-00C04F79EFBC}") = "SFM Server", "SFM Server\SFM Server.csproj", "{DB8FBE90-0BF6-4271-9A8C-D31654B64E3F}"
EndProject
Global
	GlobalSection(SolutionConfigurationPlatforms) = preSolution
		Debug|Any CPU = Debug|Any CPU
		Release|Any CPU = Release|Any CPU
	EndGlobalSection
	GlobalSection(ProjectConfigurationPlatforms) = postSolution
		{DB8FBE90-0BF6-4271-9A8C-D31654B64E3F}.Debug|Any CPU.ActiveCfg = Debug|Any CPU
		{DB8FBE90-0BF6-4271-9A8C-D31654B64E3F}.Debug|Any CPU.Build.0 = Debug|Any CPU
		{DB8FBE90-0BF6-4271-9A8C-D31654B64E3F}.Release|Any CPU.ActiveCfg = Release|Any CPU
		{DB8FBE90-0BF6-4271-9A8C-D31654B64E3F}.Release|Any CPU.Build.0 = Release|Any CPU
	EndGlobalSection
EndGlobal
